// !$*UTF8*$!
{
	archiveVersion = 1;
	classes = {
	};
	objectVersion = 50;
	objects = {

/* Begin PBXBuildFile section */
		D73F0393226FAECE00886261 /* AppDelegate.swift in Sources */ = {isa = PBXBuildFile; fileRef = D73F0392226FAECE00886261 /* AppDelegate.swift */; };
		D73F0395226FAECE00886261 /* ViewController.swift in Sources */ = {isa = PBXBuildFile; fileRef = D73F0394226FAECE00886261 /* ViewController.swift */; };
		D73F0398226FAECE00886261 /* Main.storyboard in Resources */ = {isa = PBXBuildFile; fileRef = D73F0396226FAECE00886261 /* Main.storyboard */; };
		D73F039A226FAECF00886261 /* Assets.xcassets in Resources */ = {isa = PBXBuildFile; fileRef = D73F0399226FAECF00886261 /* Assets.xcassets */; };
		D73F039D226FAECF00886261 /* LaunchScreen.storyboard in Resources */ = {isa = PBXBuildFile; fileRef = D73F039B226FAECF00886261 /* LaunchScreen.storyboard */; };
		D73F03A8226FAECF00886261 /* Teste_de_seguesTests.swift in Sources */ = {isa = PBXBuildFile; fileRef = D73F03A7226FAECF00886261 /* Teste_de_seguesTests.swift */; };
		D73F03B3226FAECF00886261 /* Teste_de_seguesUITests.swift in Sources */ = {isa = PBXBuildFile; fileRef = D73F03B2226FAECF00886261 /* Teste_de_seguesUITests.swift */; };
/* End PBXBuildFile section */

/* Begin PBXContainerItemProxy section */
		D73F03A4226FAECF00886261 /* PBXContainerItemProxy */ = {
			isa = PBXContainerItemProxy;
			containerPortal = D73F0387226FAECE00886261 /* Project object */;
			proxyType = 1;
			remoteGlobalIDString = D73F038E226FAECE00886261;
			remoteInfo = "Teste de segues";
		};
		D73F03AF226FAECF00886261 /* PBXContainerItemProxy */ = {
			isa = PBXContainerItemProxy;
			containerPortal = D73F0387226FAECE00886261 /* Project object */;
			proxyType = 1;
			remoteGlobalIDString = D73F038E226FAECE00886261;
			remoteInfo = "Teste de segues";
		};
/* End PBXContainerItemProxy section */

/* Begin PBXFileReference section */
		D73F038F226FAECE00886261 /* Teste de segues.app */ = {isa = PBXFileReference; explicitFileType = wrapper.application; includeInIndex = 0; path = "Teste de segues.app"; sourceTree = BUILT_PRODUCTS_DIR; };
		D73F0392226FAECE00886261 /* AppDelegate.swift */ = {isa = PBXFileReference; lastKnownFileType = sourcecode.swift; path = AppDelegate.swift; sourceTree = "<group>"; };
		D73F0394226FAECE00886261 /* ViewController.swift */ = {isa = PBXFileReference; lastKnownFileType = sourcecode.swift; path = ViewController.swift; sourceTree = "<group>"; };
		D73F0397226FAECE00886261 /* Base */ = {isa = PBXFileReference; lastKnownFileType = file.storyboard; name = Base; path = Base.lproj/Main.storyboard; sourceTree = "<group>"; };
		D73F0399226FAECF00886261 /* Assets.xcassets */ = {isa = PBXFileReference; lastKnownFileType = folder.assetcatalog; path = Assets.xcassets; sourceTree = "<group>"; };
		D73F039C226FAECF00886261 /* Base */ = {isa = PBXFileReference; lastKnownFileType = file.storyboard; name = Base; path = Base.lproj/LaunchScreen.storyboard; sourceTree = "<group>"; };
		D73F039E226FAECF00886261 /* Info.plist */ = {isa = PBXFileReference; lastKnownFileType = text.plist.xml; path = Info.plist; sourceTree = "<group>"; };
		D73F03A3226FAECF00886261 /* Teste de seguesTests.xctest */ = {isa = PBXFileReference; explicitFileType = wrapper.cfbundle; includeInIndex = 0; path = "Teste de seguesTests.xctest"; sourceTree = BUILT_PRODUCTS_DIR; };
		D73F03A7226FAECF00886261 /* Teste_de_seguesTests.swift */ = {isa = PBXFileReference; lastKnownFileType = sourcecode.swift; path = Teste_de_seguesTests.swift; sourceTree = "<group>"; };
		D73F03A9226FAECF00886261 /* Info.plist */ = {isa = PBXFileReference; lastKnownFileType = text.plist.xml; path = Info.plist; sourceTree = "<group>"; };
		D73F03AE226FAECF00886261 /* Teste de seguesUITests.xctest */ = {isa = PBXFileReference; explicitFileType = wrapper.cfbundle; includeInIndex = 0; path = "Teste de seguesUITests.xctest"; sourceTree = BUILT_PRODUCTS_DIR; };
		D73F03B2226FAECF00886261 /* Teste_de_seguesUITests.swift */ = {isa = PBXFileReference; lastKnownFileType = sourcecode.swift; path = Teste_de_seguesUITests.swift; sourceTree = "<group>"; };
		D73F03B4226FAECF00886261 /* Info.plist */ = {isa = PBXFileReference; lastKnownFileType = text.plist.xml; path = Info.plist; sourceTree = "<group>"; };
/* End PBXFileReference section */

/* Begin PBXFrameworksBuildPhase section */
		D73F038C226FAECE00886261 /* Frameworks */ = {
			isa = PBXFrameworksBuildPhase;
			buildActionMask = 2147483647;
			files = (
			);
			runOnlyForDeploymentPostprocessing = 0;
		};
		D73F03A0226FAECF00886261 /* Frameworks */ = {
			isa = PBXFrameworksBuildPhase;
			buildActionMask = 2147483647;
			files = (
			);
			runOnlyForDeploymentPostprocessing = 0;
		};
		D73F03AB226FAECF00886261 /* Frameworks */ = {
			isa = PBXFrameworksBuildPhase;
			buildActionMask = 2147483647;
			files = (
			);
			runOnlyForDeploymentPostprocessing = 0;
		};
/* End PBXFrameworksBuildPhase section */

/* Begin PBXGroup section */
		D73F0386226FAECE00886261 = {
			isa = PBXGroup;
			children = (
				D73F0391226FAECE00886261 /* Teste de segues */,
				D73F03A6226FAECF00886261 /* Teste de seguesTests */,
				D73F03B1226FAECF00886261 /* Teste de seguesUITests */,
				D73F0390226FAECE00886261 /* Products */,
			);
			sourceTree = "<group>";
		};
		D73F0390226FAECE00886261 /* Products */ = {
			isa = PBXGroup;
			children = (
				D73F038F226FAECE00886261 /* Teste de segues.app */,
				D73F03A3226FAECF00886261 /* Teste de seguesTests.xctest */,
				D73F03AE226FAECF00886261 /* Teste de seguesUITests.xctest */,
			);
			name = Products;
			sourceTree = "<group>";
		};
		D73F0391226FAECE00886261 /* Teste de segues */ = {
			isa = PBXGroup;
			children = (
				D73F0392226FAECE00886261 /* AppDelegate.swift */,
				D73F0394226FAECE00886261 /* ViewController.swift */,
				D73F0396226FAECE00886261 /* Main.storyboard */,
				D73F0399226FAECF00886261 /* Assets.xcassets */,
				D73F039B226FAECF00886261 /* LaunchScreen.storyboard */,
				D73F039E226FAECF00886261 /* Info.plist */,
			);
			path = "Teste de segues";
			sourceTree = "<group>";
		};
		D73F03A6226FAECF00886261 /* Teste de seguesTests */ = {
			isa = PBXGroup;
			children = (
				D73F03A7226FAECF00886261 /* Teste_de_seguesTests.swift */,
				D73F03A9226FAECF00886261 /* Info.plist */,
			);
			path = "Teste de seguesTests";
			sourceTree = "<group>";
		};
		D73F03B1226FAECF00886261 /* Teste de seguesUITests */ = {
			isa = PBXGroup;
			children = (
				D73F03B2226FAECF00886261 /* Teste_de_seguesUITests.swift */,
				D73F03B4226FAECF00886261 /* Info.plist */,
			);
			path = "Teste de seguesUITests";
			sourceTree = "<group>";
		};
/* End PBXGroup section */

/* Begin PBXNativeTarget section */
		D73F038E226FAECE00886261 /* Teste de segues */ = {
			isa = PBXNativeTarget;
			buildConfigurationList = D73F03B7226FAECF00886261 /* Build configuration list for PBXNativeTarget "Teste de segues" */;
			buildPhases = (
				D73F038B226FAECE00886261 /* Sources */,
				D73F038C226FAECE00886261 /* Frameworks */,
				D73F038D226FAECE00886261 /* Resources */,
			);
			buildRules = (
			);
			dependencies = (
			);
			name = "Teste de segues";
			productName = "Teste de segues";
			productReference = D73F038F226FAECE00886261 /* Teste de segues.app */;
			productType = "com.apple.product-type.application";
		};
		D73F03A2226FAECF00886261 /* Teste de seguesTests */ = {
			isa = PBXNativeTarget;
			buildConfigurationList = D73F03BA226FAECF00886261 /* Build configuration list for PBXNativeTarget "Teste de seguesTests" */;
			buildPhases = (
				D73F039F226FAECF00886261 /* Sources */,
				D73F03A0226FAECF00886261 /* Frameworks */,
				D73F03A1226FAECF00886261 /* Resources */,
			);
			buildRules = (
			);
			dependencies = (
				D73F03A5226FAECF00886261 /* PBXTargetDependency */,
			);
			name = "Teste de seguesTests";
			productName = "Teste de seguesTests";
			productReference = D73F03A3226FAECF00886261 /* Teste de seguesTests.xctest */;
			productType = "com.apple.product-type.bundle.unit-test";
		};
		D73F03AD226FAECF00886261 /* Teste de seguesUITests */ = {
			isa = PBXNativeTarget;
			buildConfigurationList = D73F03BD226FAECF00886261 /* Build configuration list for PBXNativeTarget "Teste de seguesUITests" */;
			buildPhases = (
				D73F03AA226FAECF00886261 /* Sources */,
				D73F03AB226FAECF00886261 /* Frameworks */,
				D73F03AC226FAECF00886261 /* Resources */,
			);
			buildRules = (
			);
			dependencies = (
				D73F03B0226FAECF00886261 /* PBXTargetDependency */,
			);
			name = "Teste de seguesUITests";
			productName = "Teste de seguesUITests";
			productReference = D73F03AE226FAECF00886261 /* Teste de seguesUITests.xctest */;
			productType = "com.apple.product-type.bundle.ui-testing";
		};
/* End PBXNativeTarget section */

/* Begin PBXProject section */
		D73F0387226FAECE00886261 /* Project object */ = {
			isa = PBXProject;
			attributes = {
				LastSwiftUpdateCheck = 1020;
				LastUpgradeCheck = 1020;
				ORGANIZATIONNAME = "Bruno Pastre";
				TargetAttributes = {
					D73F038E226FAECE00886261 = {
						CreatedOnToolsVersion = 10.2.1;
					};
					D73F03A2226FAECF00886261 = {
						CreatedOnToolsVersion = 10.2.1;
						TestTargetID = D73F038E226FAECE00886261;
					};
					D73F03AD226FAECF00886261 = {
						CreatedOnToolsVersion = 10.2.1;
						TestTargetID = D73F038E226FAECE00886261;
					};
				};
			};
			buildConfigurationList = D73F038A226FAECE00886261 /* Build configuration list for PBXProject "Teste de segues" */;
			compatibilityVersion = "Xcode 9.3";
			developmentRegion = en;
			hasScannedForEncodings = 0;
			knownRegions = (
				en,
				Base,
			);
			mainGroup = D73F0386226FAECE00886261;
			productRefGroup = D73F0390226FAECE00886261 /* Products */;
			projectDirPath = "";
			projectRoot = "";
			targets = (
				D73F038E226FAECE00886261 /* Teste de segues */,
				D73F03A2226FAECF00886261 /* Teste de seguesTests */,
				D73F03AD226FAECF00886261 /* Teste de seguesUITests */,
			);
		};
/* End PBXProject section */

/* Begin PBXResourcesBuildPhase section */
		D73F038D226FAECE00886261 /* Resources */ = {
			isa = PBXResourcesBuildPhase;
			buildActionMask = 2147483647;
			files = (
				D73F039D226FAECF00886261 /* LaunchScreen.storyboard in Resources */,
				D73F039A226FAECF00886261 /* Assets.xcassets in Resources */,
				D73F0398226FAECE00886261 /* Main.storyboard in Resources */,
			);
			runOnlyForDeploymentPostprocessing = 0;
		};
		D73F03A1226FAECF00886261 /* Resources */ = {
			isa = PBXResourcesBuildPhase;
			buildActionMask = 2147483647;
			files = (
			);
			runOnlyForDeploymentPostprocessing = 0;
		};
		D73F03AC226FAECF00886261 /* Resources */ = {
			isa = PBXResourcesBuildPhase;
			buildActionMask = 2147483647;
			files = (
			);
			runOnlyForDeploymentPostprocessing = 0;
		};
/* End PBXResourcesBuildPhase section */

/* Begin PBXSourcesBuildPhase section */
		D73F038B226FAECE00886261 /* Sources */ = {
			isa = PBXSourcesBuildPhase;
			buildActionMask = 2147483647;
			files = (
				D73F0395226FAECE00886261 /* ViewController.swift in Sources */,
				D73F0393226FAECE00886261 /* AppDelegate.swift in Sources */,
			);
			runOnlyForDeploymentPostprocessing = 0;
		};
		D73F039F226FAECF00886261 /* Sources */ = {
			isa = PBXSourcesBuildPhase;
			buildActionMask = 2147483647;
			files = (
				D73F03A8226FAECF00886261 /* Teste_de_seguesTests.swift in Sources */,
			);
			runOnlyForDeploymentPostprocessing = 0;
		};
		D73F03AA226FAECF00886261 /* Sources */ = {
			isa = PBXSourcesBuildPhase;
			buildActionMask = 2147483647;
			files = (
				D73F03B3226FAECF00886261 /* Teste_de_seguesUITests.swift in Sources */,
			);
			runOnlyForDeploymentPostprocessing = 0;
		};
/* End PBXSourcesBuildPhase section */

/* Begin PBXTargetDependency section */
		D73F03A5226FAECF00886261 /* PBXTargetDependency */ = {
			isa = PBXTargetDependency;
			target = D73F038E226FAECE00886261 /* Teste de segues */;
			targetProxy = D73F03A4226FAECF00886261 /* PBXContainerItemProxy */;
		};
		D73F03B0226FAECF00886261 /* PBXTargetDependency */ = {
			isa = PBXTargetDependency;
			target = D73F038E226FAECE00886261 /* Teste de segues */;
			targetProxy = D73F03AF226FAECF00886261 /* PBXContainerItemProxy */;
		};
/* End PBXTargetDependency section */

/* Begin PBXVariantGroup section */
		D73F0396226FAECE00886261 /* Main.storyboard */ = {
			isa = PBXVariantGroup;
			children = (
				D73F0397226FAECE00886261 /* Base */,
			);
			name = Main.storyboard;
			sourceTree = "<group>";
		};
		D73F039B226FAECF00886261 /* LaunchScreen.storyboard */ = {
			isa = PBXVariantGroup;
			children = (
				D73F039C226FAECF00886261 /* Base */,
			);
			name = LaunchScreen.storyboard;
			sourceTree = "<group>";
		};
/* End PBXVariantGroup section */

/* Begin XCBuildConfiguration section */
		D73F03B5226FAECF00886261 /* Debug */ = {
			isa = XCBuildConfiguration;
			buildSettings = {
				ALWAYS_SEARCH_USER_PATHS = NO;
				CLANG_ANALYZER_NONNULL = YES;
				CLANG_ANALYZER_NUMBER_OBJECT_CONVERSION = YES_AGGRESSIVE;
				CLANG_CXX_LANGUAGE_STANDARD = "gnu++14";
				CLANG_CXX_LIBRARY = "libc++";
				CLANG_ENABLE_MODULES = YES;
				CLANG_ENABLE_OBJC_ARC = YES;
				CLANG_ENABLE_OBJC_WEAK = YES;
				CLANG_WARN_BLOCK_CAPTURE_AUTORELEASING = YES;
				CLANG_WARN_BOOL_CONVERSION = YES;
				CLANG_WARN_COMMA = YES;
				CLANG_WARN_CONSTANT_CONVERSION = YES;
				CLANG_WARN_DEPRECATED_OBJC_IMPLEMENTATIONS = YES;
				CLANG_WARN_DIRECT_OBJC_ISA_USAGE = YES_ERROR;
				CLANG_WARN_DOCUMENTATION_COMMENTS = YES;
				CLANG_WARN_EMPTY_BODY = YES;
				CLANG_WARN_ENUM_CONVERSION = YES;
				CLANG_WARN_INFINITE_RECURSION = YES;
				CLANG_WARN_INT_CONVERSION = YES;
				CLANG_WARN_NON_LITERAL_NULL_CONVERSION = YES;
				CLANG_WARN_OBJC_IMPLICIT_RETAIN_SELF = YES;
				CLANG_WARN_OBJC_LITERAL_CONVERSION = YES;
				CLANG_WARN_OBJC_ROOT_CLASS = YES_ERROR;
				CLANG_WARN_RANGE_LOOP_ANALYSIS = YES;
				CLANG_WARN_STRICT_PROTOTYPES = YES;
				CLANG_WARN_SUSPICIOUS_MOVE = YES;
				CLANG_WARN_UNGUARDED_AVAILABILITY = YES_AGGRESSIVE;
				CLANG_WARN_UNREACHABLE_CODE = YES;
				CLANG_WARN__DUPLICATE_METHOD_MATCH = YES;
				CODE_SIGN_IDENTITY = "iPhone Developer";
				COPY_PHASE_STRIP = NO;
				DEBUG_INFORMATION_FORMAT = dwarf;
				ENABLE_STRICT_OBJC_MSGSEND = YES;
				ENABLE_TESTABILITY = YES;
				GCC_C_LANGUAGE_STANDARD = gnu11;
				GCC_DYNAMIC_NO_PIC = NO;
				GCC_NO_COMMON_BLOCKS = YES;
				GCC_OPTIMIZATION_LEVEL = 0;
				GCC_PREPROCESSOR_DEFINITIONS = (
					"DEBUG=1",
					"$(inherited)",
				);
				GCC_WARN_64_TO_32_BIT_CONVERSION = YES;
				GCC_WARN_ABOUT_RETURN_TYPE = YES_ERROR;
				GCC_WARN_UNDECLARED_SELECTOR = YES;
				GCC_WARN_UNINITIALIZED_AUTOS = YES_AGGRESSIVE;
				GCC_WARN_UNUSED_FUNCTION = YES;
				GCC_WARN_UNUSED_VARIABLE = YES;
				IPHONEOS_DEPLOYMENT_TARGET = 12.2;
				MTL_ENABLE_DEBUG_INFO = INCLUDE_SOURCE;
				MTL_FAST_MATH = YES;
				ONLY_ACTIVE_ARCH = YES;
				SDKROOT = iphoneos;
				SWIFT_ACTIVE_COMPILATION_CONDITIONS = DEBUG;
				SWIFT_OPTIMIZATION_LEVEL = "-Onone";
			};
			name = Debug;
		};
		D73F03B6226FAECF00886261 /* Release */ = {
			isa = XCBuildConfiguration;
			buildSettings = {
				ALWAYS_SEARCH_USER_PATHS = NO;
				CLANG_ANALYZER_NONNULL = YES;
				CLANG_ANALYZER_NUMBER_OBJECT_CONVERSION = YES_AGGRESSIVE;
				CLANG_CXX_LANGUAGE_STANDARD = "gnu++14";
				CLANG_CXX_LIBRARY = "libc++";
				CLANG_ENABLE_MODULES = YES;
				CLANG_ENABLE_OBJC_ARC = YES;
				CLANG_ENABLE_OBJC_WEAK = YES;
				CLANG_WARN_BLOCK_CAPTURE_AUTORELEASING = YES;
				CLANG_WARN_BOOL_CONVERSION = YES;
				CLANG_WARN_COMMA = YES;
				CLANG_WARN_CONSTANT_CONVERSION = YES;
				CLANG_WARN_DEPRECATED_OBJC_IMPLEMENTATIONS = YES;
				CLANG_WARN_DIRECT_OBJC_ISA_USAGE = YES_ERROR;
				CLANG_WARN_DOCUMENTATION_COMMENTS = YES;
				CLANG_WARN_EMPTY_BODY = YES;
				CLANG_WARN_ENUM_CONVERSION = YES;
				CLANG_WARN_INFINITE_RECURSION = YES;
				CLANG_WARN_INT_CONVERSION = YES;
				CLANG_WARN_NON_LITERAL_NULL_CONVERSION = YES;
				CLANG_WARN_OBJC_IMPLICIT_RETAIN_SELF = YES;
				CLANG_WARN_OBJC_LITERAL_CONVERSION = YES;
				CLANG_WARN_OBJC_ROOT_CLASS = YES_ERROR;
				CLANG_WARN_RANGE_LOOP_ANALYSIS = YES;
				CLANG_WARN_STRICT_PROTOTYPES = YES;
				CLANG_WARN_SUSPICIOUS_MOVE = YES;
				CLANG_WARN_UNGUARDED_AVAILABILITY = YES_AGGRESSIVE;
				CLANG_WARN_UNREACHABLE_CODE = YES;
				CLANG_WARN__DUPLICATE_METHOD_MATCH = YES;
				CODE_SIGN_IDENTITY = "iPhone Developer";
				COPY_PHASE_STRIP = NO;
				DEBUG_INFORMATION_FORMAT = "dwarf-with-dsym";
				ENABLE_NS_ASSERTIONS = NO;
				ENABLE_STRICT_OBJC_MSGSEND = YES;
				GCC_C_LANGUAGE_STANDARD = gnu11;
				GCC_NO_COMMON_BLOCKS = YES;
				GCC_WARN_64_TO_32_BIT_CONVERSION = YES;
				GCC_WARN_ABOUT_RETURN_TYPE = YES_ERROR;
				GCC_WARN_UNDECLARED_SELECTOR = YES;
				GCC_WARN_UNINITIALIZED_AUTOS = YES_AGGRESSIVE;
				GCC_WARN_UNUSED_FUNCTION = YES;
				GCC_WARN_UNUSED_VARIABLE = YES;
				IPHONEOS_DEPLOYMENT_TARGET = 12.2;
				MTL_ENABLE_DEBUG_INFO = NO;
				MTL_FAST_MATH = YES;
				SDKROOT = iphoneos;
				SWIFT_COMPILATION_MODE = wholemodule;
				SWIFT_OPTIMIZATION_LEVEL = "-O";
				VALIDATE_PRODUCT = YES;
			};
			name = Release;
		};
		D73F03B8226FAECF00886261 /* Debug */ = {
			isa = XCBuildConfiguration;
			buildSettings = {
				ASSETCATALOG_COMPILER_APPICON_NAME = AppIcon;
				CODE_SIGN_STYLE = Automatic;
				DEVELOPMENT_TEAM = QM43B7QRF9;
				INFOPLIST_FILE = "Teste de segues/Info.plist";
				LD_RUNPATH_SEARCH_PATHS = (
					"$(inherited)",
					"@executable_path/Frameworks",
				);
				PRODUCT_BUNDLE_IDENTIFIER = "io.github.pastre.Teste-de-segues";
				PRODUCT_NAME = "$(TARGET_NAME)";
				SWIFT_VERSION = 5.0;
				TARGETED_DEVICE_FAMILY = "1,2";
			};
			name = Debug;
		};
		D73F03B9226FAECF00886261 /* Release */ = {
			isa = XCBuildConfiguration;
			buildSettings = {
				ASSETCATALOG_COMPILER_APPICON_NAME = AppIcon;
				CODE_SIGN_STYLE = Automatic;
				DEVELOPMENT_TEAM = QM43B7QRF9;
				INFOPLIST_FILE = "Teste de segues/Info.plist";
				LD_RUNPATH_SEARCH_PATHS = (
					"$(inherited)",
					"@executable_path/Frameworks",
				);
				PRODUCT_BUNDLE_IDENTIFIER = "io.github.pastre.Teste-de-segues";
				PRODUCT_NAME = "$(TARGET_NAME)";
				SWIFT_VERSION = 5.0;
				TARGETED_DEVICE_FAMILY = "1,2";
			};
			name = Release;
		};
		D73F03BB226FAECF00886261 /* Debug */ = {
			isa = XCBuildConfiguration;
			buildSettings = {
				ALWAYS_EMBED_SWIFT_STANDARD_LIBRARIES = YES;
				BUNDLE_LOADER = "$(TEST_HOST)";
				CODE_SIGN_STYLE = Automatic;
				DEVELOPMENT_TEAM = QM43B7QRF9;
				INFOPLIST_FILE = "Teste de seguesTests/Info.plist";
				LD_RUNPATH_SEARCH_PATHS = (
					"$(inherited)",
					"@executable_path/Frameworks",
					"@loader_path/Frameworks",
				);
				PRODUCT_BUNDLE_IDENTIFIER = "io.github.pastre.Teste-de-seguesTests";
				PRODUCT_NAME = "$(TARGET_NAME)";
				SWIFT_VERSION = 5.0;
				TARGETED_DEVICE_FAMILY = "1,2";
				TEST_HOST = "$(BUILT_PRODUCTS_DIR)/Teste de segues.app/Teste de segues";
			};
			name = Debug;
		};
		D73F03BC226FAECF00886261 /* Release */ = {
			isa = XCBuildConfiguration;
			buildSettings = {
				ALWAYS_EMBED_SWIFT_STANDARD_LIBRARIES = YES;
				BUNDLE_LOADER = "$(TEST_HOST)";
				CODE_SIGN_STYLE = Automatic;
				DEVELOPMENT_TEAM = QM43B7QRF9;
				INFOPLIST_FILE = "Teste de seguesTests/Info.plist";
				LD_RUNPATH_SEARCH_PATHS = (
					"$(inherited)",
					"@executable_path/Frameworks",
					"@loader_path/Frameworks",
				);
				PRODUCT_BUNDLE_IDENTIFIER = "io.github.pastre.Teste-de-seguesTests";
				PRODUCT_NAME = "$(TARGET_NAME)";
				SWIFT_VERSION = 5.0;
				TARGETED_DEVICE_FAMILY = "1,2";
				TEST_HOST = "$(BUILT_PRODUCTS_DIR)/Teste de segues.app/Teste de segues";
			};
			name = Release;
		};
		D73F03BE226FAECF00886261 /* Debug */ = {
			isa = XCBuildConfiguration;
			buildSettings = {
				ALWAYS_EMBED_SWIFT_STANDARD_LIBRARIES = YES;
				CODE_SIGN_STYLE = Automatic;
				DEVELOPMENT_TEAM = QM43B7QRF9;
				INFOPLIST_FILE = "Teste de seguesUITests/Info.plist";
				LD_RUNPATH_SEARCH_PATHS = (
					"$(inherited)",
					"@executable_path/Frameworks",
					"@loader_path/Frameworks",
				);
				PRODUCT_BUNDLE_IDENTIFIER = "io.github.pastre.Teste-de-seguesUITests";
				PRODUCT_NAME = "$(TARGET_NAME)";
				SWIFT_VERSION = 5.0;
				TARGETED_DEVICE_FAMILY = "1,2";
				TEST_TARGET_NAME = "Teste de segues";
			};
			name = Debug;
		};
		D73F03BF226FAECF00886261 /* Release */ = {
			isa = XCBuildConfiguration;
			buildSettings = {
				ALWAYS_EMBED_SWIFT_STANDARD_LIBRARIES = YES;
				CODE_SIGN_STYLE = Automatic;
				DEVELOPMENT_TEAM = QM43B7QRF9;
				INFOPLIST_FILE = "Teste de seguesUITests/Info.plist";
				LD_RUNPATH_SEARCH_PATHS = (
					"$(inherited)",
					"@executable_path/Frameworks",
					"@loader_path/Frameworks",
				);
				PRODUCT_BUNDLE_IDENTIFIER = "io.github.pastre.Teste-de-seguesUITests";
				PRODUCT_NAME = "$(TARGET_NAME)";
				SWIFT_VERSION = 5.0;
				TARGETED_DEVICE_FAMILY = "1,2";
				TEST_TARGET_NAME = "Teste de segues";
			};
			name = Release;
		};
/* End XCBuildConfiguration section */

/* Begin XCConfigurationList section */
		D73F038A226FAECE00886261 /* Build configuration list for PBXProject "Teste de segues" */ = {
			isa = XCConfigurationList;
			buildConfigurations = (
				D73F03B5226FAECF00886261 /* Debug */,
				D73F03B6226FAECF00886261 /* Release */,
			);
			defaultConfigurationIsVisible = 0;
			defaultConfigurationName = Release;
		};
		D73F03B7226FAECF00886261 /* Build configuration list for PBXNativeTarget "Teste de segues" */ = {
			isa = XCConfigurationList;
			buildConfigurations = (
				D73F03B8226FAECF00886261 /* Debug */,
				D73F03B9226FAECF00886261 /* Release */,
			);
			defaultConfigurationIsVisible = 0;
			defaultConfigurationName = Release;
		};
		D73F03BA226FAECF00886261 /* Build configuration list for PBXNativeTarget "Teste de seguesTests" */ = {
			isa = XCConfigurationList;
			buildConfigurations = (
				D73F03BB226FAECF00886261 /* Debug */,
				D73F03BC226FAECF00886261 /* Release */,
			);
			defaultConfigurationIsVisible = 0;
			defaultConfigurationName = Release;
		};
		D73F03BD226FAECF00886261 /* Build configuration list for PBXNativeTarget "Teste de seguesUITests" */ = {
			isa = XCConfigurationList;
			buildConfigurations = (
				D73F03BE226FAECF00886261 /* Debug */,
				D73F03BF226FAECF00886261 /* Release */,
			);
			defaultConfigurationIsVisible = 0;
			defaultConfigurationName = Release;
		};
/* End XCConfigurationList section */
	};
	rootObject = D73F0387226FAECE00886261 /* Project object */;
}
